
Microsoft Visual Studio Solution File, Format Version 12.00
# Visual Studio Version 16
VisualStudioVersion = 16.0.29519.87
MinimumVisualStudioVersion = 10.0.40219.1
Project("{FAE04EC0-301F-11D3-BF4B-00C04F79EFBC}") = "NPuzzle", "NPuzzle\NPuzzle.csproj", "{9A81EE35-CC50-4F07-A75E-7220FCF4BEFC}"
EndProject
Global
	GlobalSection(SolutionConfigurationPlatforms) = preSolution
		Debug|Any CPU = Debug|Any CPU
		Release|Any CPU = Release|Any CPU
	EndGlobalSection
	GlobalSection(ProjectConfigurationPlatforms) = postSolution
		{9A81EE35-CC50-4F07-A75E-7220FCF4BEFC}.Debug|Any CPU.ActiveCfg = Debug|Any CPU
		{9A81EE35-CC50-4F07-A75E-7220FCF4BEFC}.Debug|Any CPU.Build.0 = Debug|Any CPU
		{9A81EE35-CC50-4F07-A75E-7220FCF4BEFC}.Release|Any CPU.ActiveCfg = Release|Any CPU
		{9A81EE35-CC50-4F07-A75E-7220FCF4BEFC}.Release|Any CPU.Build.0 = Release|Any CPU
	EndGlobalSection
	GlobalSection(SolutionProperties) = preSolution
		HideSolutionNode = FALSE
	EndGlobalSection
	GlobalSection(ExtensibilityGlobals) = postSolution
		SolutionGuid = {FCD8B9E4-1672-425C-A29B-09DFE8E34D17}
	EndGlobalSection
EndGlobal
